{
  "name": "nodejs-example-google-cloud-trace",
  "version": "0.16.0",
  "lockfileVersion": 2,
  "requires": true,
  "packages": {
    "": {
      "name": "nodejs-example-google-cloud-trace",
      "version": "0.16.0",
      "license": "Apache-2.0",
      "dependencies": {
        "@opentelemetry/api": "1.4.1",
        "@opentelemetry/sdk-trace-base": "1.10.0",
        "@opentelemetry/sdk-trace-node": "1.10.0"
      },
      "engines": {
        "node": ">=14"
      }
    },
    "node_modules/@opentelemetry/api": {
      "version": "1.4.1",
      "resolved": "https://registry.npmjs.org/@opentelemetry/api/-/api-1.4.1.tgz",
      "integrity": "sha512-O2yRJce1GOc6PAy3QxFM4NzFiWzvScDC1/5ihYBL6BUEVdq0XMWN01sppE+H6bBXbaFYipjwFLEWLg5PaSOThA==",
      "engines": {
        "node": ">=8.0.0"
      }
    },
    "node_modules/@opentelemetry/context-async-hooks": {
      "version": "1.10.0",
      "resolved": "https://registry.npmjs.org/@opentelemetry/context-async-hooks/-/context-async-hooks-1.10.0.tgz",
      "integrity": "sha512-mNITMJZUkbCV2sLnI4vwW6N0r8MUwzYs2rMShEH2ZECHhyYhRINrzf73hDc3YKsvscSTv46F5g1NA2r15FA/hQ==",
      "engines": {
        "node": ">=14"
      },
      "peerDependencies": {
        "@opentelemetry/api": ">=1.0.0 <1.5.0"
      }
    },
    "node_modules/@opentelemetry/core": {
      "version": "1.10.0",
      "resolved": "https://registry.npmjs.org/@opentelemetry/core/-/core-1.10.0.tgz",
      "integrity": "sha512-H5/mfU3TsEBe/cnnLu3VCkzjqyRARmhxQGsT64KwafxjzkDh+c2Bk4n140Cg/xhgrjK2sFsxbJj6d0xZlVo/OQ==",
      "dependencies": {
        "@opentelemetry/semantic-conventions": "1.10.0"
      },
      "engines": {
        "node": ">=14"
      },
      "peerDependencies": {
        "@opentelemetry/api": ">=1.0.0 <1.5.0"
      }
    },
    "node_modules/@opentelemetry/propagator-b3": {
      "version": "1.10.0",
      "resolved": "https://registry.npmjs.org/@opentelemetry/propagator-b3/-/propagator-b3-1.10.0.tgz",
      "integrity": "sha512-FPj9US9RXW+B/sN2Jf7gpEvJ8RAtO+6iM2fYfg4EtdridyFXXYaLC73EsIvOr7CveU7P3yG+jlhZweoPhIapfw==",
      "dependencies": {
        "@opentelemetry/core": "1.10.0"
      },
      "engines": {
        "node": ">=14"
      },
      "peerDependencies": {
        "@opentelemetry/api": ">=1.0.0 <1.5.0"
      }
    },
    "node_modules/@opentelemetry/propagator-jaeger": {
      "version": "1.10.0",
      "resolved": "https://registry.npmjs.org/@opentelemetry/propagator-jaeger/-/propagator-jaeger-1.10.0.tgz",
      "integrity": "sha512-bA6+RiEKmONAcN4GR79gvnqn005/td+8e6GsNbJZOP3pHekQHNfekuXAiN5mrQlF+1IVbS0x/UylC9g871z8VA==",
      "dependencies": {
        "@opentelemetry/core": "1.10.0"
      },
      "engines": {
        "node": ">=14"
      },
      "peerDependencies": {
        "@opentelemetry/api": ">=1.0.0 <1.5.0"
      }
    },
    "node_modules/@opentelemetry/resources": {
      "version": "1.10.0",
      "resolved": "https://registry.npmjs.org/@opentelemetry/resources/-/resources-1.10.0.tgz",
      "integrity": "sha512-bh4auHOdS0/cwSgviCPbkItLwLZRWCZKp/ns2soVwlWQMJH36FIHbcYJf7G9+Rthlc6u163VhUefho+eDrPVeA==",
      "dependencies": {
        "@opentelemetry/core": "1.10.0",
        "@opentelemetry/semantic-conventions": "1.10.0"
      },
      "engines": {
        "node": ">=14"
      },
      "peerDependencies": {
        "@opentelemetry/api": ">=1.0.0 <1.5.0"
      }
    },
    "node_modules/@opentelemetry/sdk-trace-base": {
      "version": "1.10.0",
      "resolved": "https://registry.npmjs.org/@opentelemetry/sdk-trace-base/-/sdk-trace-base-1.10.0.tgz",
      "integrity": "sha512-X4rRShtVQ893LCU4GNKS1TKFua9nSjVmo0VJvigfSFSOmyyOLfiyTWmVL9MKV7Ws0HqLOIWJixJY0x28fw3Tzg==",
      "dependencies": {
        "@opentelemetry/core": "1.10.0",
        "@opentelemetry/resources": "1.10.0",
        "@opentelemetry/semantic-conventions": "1.10.0"
      },
      "engines": {
        "node": ">=14"
      },
      "peerDependencies": {
        "@opentelemetry/api": ">=1.0.0 <1.5.0"
      }
    },
    "node_modules/@opentelemetry/sdk-trace-node": {
      "version": "1.10.0",
      "resolved": "https://registry.npmjs.org/@opentelemetry/sdk-trace-node/-/sdk-trace-node-1.10.0.tgz",
      "integrity": "sha512-1mNZgGexVQ09xEuo/bJM3eUPEZSbsNGqMTKPKJtEa4oiB2EYFnUWz+s5bk3ohOzl2kKnZCbiIBIwbqHBX6ggyg==",
      "dependencies": {
        "@opentelemetry/context-async-hooks": "1.10.0",
        "@opentelemetry/core": "1.10.0",
        "@opentelemetry/propagator-b3": "1.10.0",
        "@opentelemetry/propagator-jaeger": "1.10.0",
        "@opentelemetry/sdk-trace-base": "1.10.0",
        "semver": "^7.3.5"
      },
      "engines": {
        "node": ">=14"
      },
      "peerDependencies": {
        "@opentelemetry/api": ">=1.0.0 <1.5.0"
      }
    },
    "node_modules/@opentelemetry/semantic-conventions": {
      "version": "1.10.0",
      "resolved": "https://registry.npmjs.org/@opentelemetry/semantic-conventions/-/semantic-conventions-1.10.0.tgz",
      "integrity": "sha512-Mzo5IyrI59YuYWeNoOZRXfUCc3upjmxCmczSm+pUgWprvSNfdOX70SVde84UxmuzU7MF1MEkPXKXTYG3ymRw2w==",
      "engines": {
        "node": ">=14"
      }
    },
    "node_modules/lru-cache": {
      "version": "6.0.0",
      "resolved": "https://registry.npmjs.org/lru-cache/-/lru-cache-6.0.0.tgz",
      "integrity": "sha512-Jo6dJ04CmSjuznwJSS3pUeWmd/H0ffTlkXXgwZi+eq1UCmqQwCh+eLsYOYCwY991i2Fah4h1BEMCx4qThGbsiA==",
      "dependencies": {
        "yallist": "^4.0.0"
      },
      "engines": {
        "node": ">=10"
      }
    },
    "node_modules/semver": {
      "version": "7.3.8",
      "resolved": "https://registry.npmjs.org/semver/-/semver-7.3.8.tgz",
      "integrity": "sha512-NB1ctGL5rlHrPJtFDVIVzTyQylMLu9N9VICA6HSFJo8MCGVTMW6gfpicwKmmK/dAjTOrqu5l63JJOpDSrAis3A==",
      "dependencies": {
        "lru-cache": "^6.0.0"
      },
      "bin": {
        "semver": "bin/semver.js"
      },
      "engines": {
        "node": ">=10"
      }
    },
    "node_modules/yallist": {
      "version": "4.0.0",
      "resolved": "https://registry.npmjs.org/yallist/-/yallist-4.0.0.tgz",
      "integrity": "sha512-3wdGidZyq5PB084XLES5TpOSRA3wjXAlIWMhum2kRcv/41Sn2emQ0dycQW4uZXLejwKvg6EsvbdlVL+FYEct7A=="
    }
  },
  "dependencies": {
    "@opentelemetry/api": {
      "version": "1.4.1",
      "resolved": "https://registry.npmjs.org/@opentelemetry/api/-/api-1.4.1.tgz",
      "integrity": "sha512-O2yRJce1GOc6PAy3QxFM4NzFiWzvScDC1/5ihYBL6BUEVdq0XMWN01sppE+H6bBXbaFYipjwFLEWLg5PaSOThA=="
    },
    "@opentelemetry/context-async-hooks": {
      "version": "1.10.0",
      "resolved": "https://registry.npmjs.org/@opentelemetry/context-async-hooks/-/context-async-hooks-1.10.0.tgz",
      "integrity": "sha512-mNITMJZUkbCV2sLnI4vwW6N0r8MUwzYs2rMShEH2ZECHhyYhRINrzf73hDc3YKsvscSTv46F5g1NA2r15FA/hQ==",
      "requires": {}
    },
    "@opentelemetry/core": {
      "version": "1.10.0",
      "resolved": "https://registry.npmjs.org/@opentelemetry/core/-/core-1.10.0.tgz",
      "integrity": "sha512-H5/mfU3TsEBe/cnnLu3VCkzjqyRARmhxQGsT64KwafxjzkDh+c2Bk4n140Cg/xhgrjK2sFsxbJj6d0xZlVo/OQ==",
      "requires": {
        "@opentelemetry/semantic-conventions": "1.10.0"
      }
    },
    "@opentelemetry/propagator-b3": {
      "version": "1.10.0",
      "resolved": "https://registry.npmjs.org/@opentelemetry/propagator-b3/-/propagator-b3-1.10.0.tgz",
      "integrity": "sha512-FPj9US9RXW+B/sN2Jf7gpEvJ8RAtO+6iM2fYfg4EtdridyFXXYaLC73EsIvOr7CveU7P3yG+jlhZweoPhIapfw==",
      "requires": {
        "@opentelemetry/core": "1.10.0"
      }
    },
    "@opentelemetry/propagator-jaeger": {
      "version": "1.10.0",
      "resolved": "https://registry.npmjs.org/@opentelemetry/propagator-jaeger/-/propagator-jaeger-1.10.0.tgz",
      "integrity": "sha512-bA6+RiEKmONAcN4GR79gvnqn005/td+8e6GsNbJZOP3pHekQHNfekuXAiN5mrQlF+1IVbS0x/UylC9g871z8VA==",
      "requires": {
        "@opentelemetry/core": "1.10.0"
      }
    },
    "@opentelemetry/resources": {
      "version": "1.10.0",
      "resolved": "https://registry.npmjs.org/@opentelemetry/resources/-/resources-1.10.0.tgz",
      "integrity": "sha512-bh4auHOdS0/cwSgviCPbkItLwLZRWCZKp/ns2soVwlWQMJH36FIHbcYJf7G9+Rthlc6u163VhUefho+eDrPVeA==",
      "requires": {
        "@opentelemetry/core": "1.10.0",
        "@opentelemetry/semantic-conventions": "1.10.0"
      }
    },
    "@opentelemetry/sdk-trace-base": {
      "version": "1.10.0",
      "resolved": "https://registry.npmjs.org/@opentelemetry/sdk-trace-base/-/sdk-trace-base-1.10.0.tgz",
      "integrity": "sha512-X4rRShtVQ893LCU4GNKS1TKFua9nSjVmo0VJvigfSFSOmyyOLfiyTWmVL9MKV7Ws0HqLOIWJixJY0x28fw3Tzg==",
      "requires": {
        "@opentelemetry/core": "1.10.0",
        "@opentelemetry/resources": "1.10.0",
        "@opentelemetry/semantic-conventions": "1.10.0"
      }
    },
    "@opentelemetry/sdk-trace-node": {
      "version": "1.10.0",
      "resolved": "https://registry.npmjs.org/@opentelemetry/sdk-trace-node/-/sdk-trace-node-1.10.0.tgz",
      "integrity": "sha512-1mNZgGexVQ09xEuo/bJM3eUPEZSbsNGqMTKPKJtEa4oiB2EYFnUWz+s5bk3ohOzl2kKnZCbiIBIwbqHBX6ggyg==",
      "requires": {
        "@opentelemetry/context-async-hooks": "1.10.0",
        "@opentelemetry/core": "1.10.0",
        "@opentelemetry/propagator-b3": "1.10.0",
        "@opentelemetry/propagator-jaeger": "1.10.0",
        "@opentelemetry/sdk-trace-base": "1.10.0",
        "semver": "^7.3.5"
      }
    },
    "@opentelemetry/semantic-conventions": {
      "version": "1.10.0",
      "resolved": "https://registry.npmjs.org/@opentelemetry/semantic-conventions/-/semantic-conventions-1.10.0.tgz",
      "integrity": "sha512-Mzo5IyrI59YuYWeNoOZRXfUCc3upjmxCmczSm+pUgWprvSNfdOX70SVde84UxmuzU7MF1MEkPXKXTYG3ymRw2w=="
    },
    "lru-cache": {
      "version": "6.0.0",
      "resolved": "https://registry.npmjs.org/lru-cache/-/lru-cache-6.0.0.tgz",
      "integrity": "sha512-Jo6dJ04CmSjuznwJSS3pUeWmd/H0ffTlkXXgwZi+eq1UCmqQwCh+eLsYOYCwY991i2Fah4h1BEMCx4qThGbsiA==",
      "requires": {
        "yallist": "^4.0.0"
      }
    },
    "semver": {
      "version": "7.3.8",
      "resolved": "https://registry.npmjs.org/semver/-/semver-7.3.8.tgz",
      "integrity": "sha512-NB1ctGL5rlHrPJtFDVIVzTyQylMLu9N9VICA6HSFJo8MCGVTMW6gfpicwKmmK/dAjTOrqu5l63JJOpDSrAis3A==",
      "requires": {
        "lru-cache": "^6.0.0"
      }
    },
    "yallist": {
      "version": "4.0.0",
      "resolved": "https://registry.npmjs.org/yallist/-/yallist-4.0.0.tgz",
      "integrity": "sha512-3wdGidZyq5PB084XLES5TpOSRA3wjXAlIWMhum2kRcv/41Sn2emQ0dycQW4uZXLejwKvg6EsvbdlVL+FYEct7A=="
    }
  }
}
