{
	"name": "nodejs-example-google-cloud-trace",
	"version": "0.14.0",
	"lockfileVersion": 2,
	"requires": true,
	"packages": {
		"": {
			"name": "nodejs-example-google-cloud-trace",
			"version": "0.14.0",
			"license": "Apache-2.0",
			"dependencies": {
				"@opentelemetry/api": "^1.0.0",
				"@opentelemetry/sdk-trace-base": "^1.0.0",
				"@opentelemetry/sdk-trace-node": "^1.0.0"
			},
			"engines": {
				"node": ">=10"
			}
		},
		"node_modules/@opentelemetry/api": {
			"version": "1.0.4",
			"resolved": "https://registry.npmjs.org/@opentelemetry/api/-/api-1.0.4.tgz",
			"integrity": "sha512-BuJuXRSJNQ3QoKA6GWWDyuLpOUck+9hAXNMCnrloc1aWVoy6Xq6t9PUV08aBZ4Lutqq2LEHM486bpZqoViScog==",
			"engines": {
				"node": ">=8.0.0"
			}
		},
		"node_modules/@opentelemetry/context-async-hooks": {
			"version": "1.0.1",
			"resolved": "https://registry.npmjs.org/@opentelemetry/context-async-hooks/-/context-async-hooks-1.0.1.tgz",
			"integrity": "sha512-oGCPjDlZ03gXPAdLxw5iqaQJIpL8BZFaiZhAPgF7Vj6XYmrmrA/FXVIsjfNECQTa2D+lt5p8vf0xYIkFufgceQ==",
			"engines": {
				"node": ">=8.1.0"
			},
			"peerDependencies": {
				"@opentelemetry/api": ">=1.0.0 <1.1.0"
			}
		},
		"node_modules/@opentelemetry/core": {
			"version": "1.0.1",
			"resolved": "https://registry.npmjs.org/@opentelemetry/core/-/core-1.0.1.tgz",
			"integrity": "sha512-90nQ2X6b/8X+xjcLDBYKooAcOsIlwLRYm+1VsxcX5cHl6V4CSVmDpBreQSDH/A21SqROzapk6813008SatmPpQ==",
			"dependencies": {
				"@opentelemetry/semantic-conventions": "1.0.1"
			},
			"engines": {
				"node": ">=8.5.0"
			},
			"peerDependencies": {
				"@opentelemetry/api": ">=1.0.0 <1.1.0"
			}
		},
		"node_modules/@opentelemetry/propagator-b3": {
			"version": "1.0.1",
			"resolved": "https://registry.npmjs.org/@opentelemetry/propagator-b3/-/propagator-b3-1.0.1.tgz",
			"integrity": "sha512-UQQiOpR/WXyoqIRQEkn6RuXtGfpjhBDMq/1HrVxRCRPMVn7f4e+zxZWoQSsCOvSGQTu9S+W8eAutm00sRJN7fg==",
			"dependencies": {
				"@opentelemetry/core": "1.0.1"
			},
			"engines": {
				"node": ">=8.0.0"
			},
			"peerDependencies": {
				"@opentelemetry/api": ">=1.0.0 <1.1.0"
			}
		},
		"node_modules/@opentelemetry/propagator-jaeger": {
			"version": "1.0.1",
			"resolved": "https://registry.npmjs.org/@opentelemetry/propagator-jaeger/-/propagator-jaeger-1.0.1.tgz",
			"integrity": "sha512-bzvXksBn3j0GyiFXQbx87CUSGC1UDyp4hjL+CCOrQfzIEdp6usKCLHv40Ib5WU6739hPMkyr59CPfKwzlviTtA==",
			"dependencies": {
				"@opentelemetry/core": "1.0.1"
			},
			"engines": {
				"node": ">=8.5.0"
			},
			"peerDependencies": {
				"@opentelemetry/api": ">=1.0.0 <1.1.0"
			}
		},
		"node_modules/@opentelemetry/resources": {
			"version": "1.0.1",
			"resolved": "https://registry.npmjs.org/@opentelemetry/resources/-/resources-1.0.1.tgz",
			"integrity": "sha512-p8DevOaAEepPucUtImR4cZKHOE2L1jgQAtkdZporV+XnxPA/HqCHPEESyUVuo4f5M0NUlL6k5Pba75KwNJlTRg==",
			"dependencies": {
				"@opentelemetry/core": "1.0.1",
				"@opentelemetry/semantic-conventions": "1.0.1"
			},
			"engines": {
				"node": ">=8.0.0"
			},
			"peerDependencies": {
				"@opentelemetry/api": ">=1.0.0 <1.1.0"
			}
		},
		"node_modules/@opentelemetry/sdk-trace-base": {
			"version": "1.0.1",
			"resolved": "https://registry.npmjs.org/@opentelemetry/sdk-trace-base/-/sdk-trace-base-1.0.1.tgz",
			"integrity": "sha512-JVSAepTpW7dnqfV7XFN0zHj1jXGNd5OcvIGQl76buogqffdgJdgJWQNrOuUJaus56zrOtlzqFH+YtMA9RGEg8w==",
			"dependencies": {
				"@opentelemetry/core": "1.0.1",
				"@opentelemetry/resources": "1.0.1",
				"@opentelemetry/semantic-conventions": "1.0.1"
			},
			"engines": {
				"node": ">=8.0.0"
			},
			"peerDependencies": {
				"@opentelemetry/api": ">=1.0.0 <1.1.0"
			}
		},
		"node_modules/@opentelemetry/sdk-trace-node": {
			"version": "1.0.1",
			"resolved": "https://registry.npmjs.org/@opentelemetry/sdk-trace-node/-/sdk-trace-node-1.0.1.tgz",
			"integrity": "sha512-0ifT2pEI5aXy14zDDUQkl3ODzY6jjaC1plbxyAuz5BdPxGJzav9vzIJ2BhEwfXDn1LKqpQ5D1Yy+XnNRQpOo3w==",
			"dependencies": {
				"@opentelemetry/context-async-hooks": "1.0.1",
				"@opentelemetry/core": "1.0.1",
				"@opentelemetry/propagator-b3": "1.0.1",
				"@opentelemetry/propagator-jaeger": "1.0.1",
				"@opentelemetry/sdk-trace-base": "1.0.1",
				"semver": "^7.3.5"
			},
			"engines": {
				"node": ">=8.0.0"
			},
			"peerDependencies": {
				"@opentelemetry/api": ">=1.0.0 <1.1.0"
			}
		},
		"node_modules/@opentelemetry/semantic-conventions": {
			"version": "1.0.1",
			"resolved": "https://registry.npmjs.org/@opentelemetry/semantic-conventions/-/semantic-conventions-1.0.1.tgz",
			"integrity": "sha512-7XU1sfQ8uCVcXLxtAHA8r3qaLJ2oq7sKtEwzZhzuEXqYmjW+n+J4yM3kNo0HQo3Xp1eUe47UM6Wy6yuAvIyllg==",
			"engines": {
				"node": ">=8.0.0"
			}
		},
		"node_modules/lru-cache": {
			"version": "6.0.0",
			"resolved": "https://registry.npmjs.org/lru-cache/-/lru-cache-6.0.0.tgz",
			"integrity": "sha512-Jo6dJ04CmSjuznwJSS3pUeWmd/H0ffTlkXXgwZi+eq1UCmqQwCh+eLsYOYCwY991i2Fah4h1BEMCx4qThGbsiA==",
			"dependencies": {
				"yallist": "^4.0.0"
			},
			"engines": {
				"node": ">=10"
			}
		},
		"node_modules/semver": {
			"version": "7.3.5",
			"resolved": "https://registry.npmjs.org/semver/-/semver-7.3.5.tgz",
			"integrity": "sha512-PoeGJYh8HK4BTO/a9Tf6ZG3veo/A7ZVsYrSA6J8ny9nb3B1VrpkuN+z9OE5wfE5p6H4LchYZsegiQgbJD94ZFQ==",
			"dependencies": {
				"lru-cache": "^6.0.0"
			},
			"bin": {
				"semver": "bin/semver.js"
			},
			"engines": {
				"node": ">=10"
			}
		},
		"node_modules/yallist": {
			"version": "4.0.0",
			"resolved": "https://registry.npmjs.org/yallist/-/yallist-4.0.0.tgz",
			"integrity": "sha512-3wdGidZyq5PB084XLES5TpOSRA3wjXAlIWMhum2kRcv/41Sn2emQ0dycQW4uZXLejwKvg6EsvbdlVL+FYEct7A=="
		}
	},
	"dependencies": {
		"@opentelemetry/api": {
			"version": "1.0.4",
			"resolved": "https://registry.npmjs.org/@opentelemetry/api/-/api-1.0.4.tgz",
			"integrity": "sha512-BuJuXRSJNQ3QoKA6GWWDyuLpOUck+9hAXNMCnrloc1aWVoy6Xq6t9PUV08aBZ4Lutqq2LEHM486bpZqoViScog=="
		},
		"@opentelemetry/context-async-hooks": {
			"version": "1.0.1",
			"resolved": "https://registry.npmjs.org/@opentelemetry/context-async-hooks/-/context-async-hooks-1.0.1.tgz",
			"integrity": "sha512-oGCPjDlZ03gXPAdLxw5iqaQJIpL8BZFaiZhAPgF7Vj6XYmrmrA/FXVIsjfNECQTa2D+lt5p8vf0xYIkFufgceQ==",
			"requires": {}
		},
		"@opentelemetry/core": {
			"version": "1.0.1",
			"resolved": "https://registry.npmjs.org/@opentelemetry/core/-/core-1.0.1.tgz",
			"integrity": "sha512-90nQ2X6b/8X+xjcLDBYKooAcOsIlwLRYm+1VsxcX5cHl6V4CSVmDpBreQSDH/A21SqROzapk6813008SatmPpQ==",
			"requires": {
				"@opentelemetry/semantic-conventions": "1.0.1"
			}
		},
		"@opentelemetry/propagator-b3": {
			"version": "1.0.1",
			"resolved": "https://registry.npmjs.org/@opentelemetry/propagator-b3/-/propagator-b3-1.0.1.tgz",
			"integrity": "sha512-UQQiOpR/WXyoqIRQEkn6RuXtGfpjhBDMq/1HrVxRCRPMVn7f4e+zxZWoQSsCOvSGQTu9S+W8eAutm00sRJN7fg==",
			"requires": {
				"@opentelemetry/core": "1.0.1"
			}
		},
		"@opentelemetry/propagator-jaeger": {
			"version": "1.0.1",
			"resolved": "https://registry.npmjs.org/@opentelemetry/propagator-jaeger/-/propagator-jaeger-1.0.1.tgz",
			"integrity": "sha512-bzvXksBn3j0GyiFXQbx87CUSGC1UDyp4hjL+CCOrQfzIEdp6usKCLHv40Ib5WU6739hPMkyr59CPfKwzlviTtA==",
			"requires": {
				"@opentelemetry/core": "1.0.1"
			}
		},
		"@opentelemetry/resources": {
			"version": "1.0.1",
			"resolved": "https://registry.npmjs.org/@opentelemetry/resources/-/resources-1.0.1.tgz",
			"integrity": "sha512-p8DevOaAEepPucUtImR4cZKHOE2L1jgQAtkdZporV+XnxPA/HqCHPEESyUVuo4f5M0NUlL6k5Pba75KwNJlTRg==",
			"requires": {
				"@opentelemetry/core": "1.0.1",
				"@opentelemetry/semantic-conventions": "1.0.1"
			}
		},
		"@opentelemetry/sdk-trace-base": {
			"version": "1.0.1",
			"resolved": "https://registry.npmjs.org/@opentelemetry/sdk-trace-base/-/sdk-trace-base-1.0.1.tgz",
			"integrity": "sha512-JVSAepTpW7dnqfV7XFN0zHj1jXGNd5OcvIGQl76buogqffdgJdgJWQNrOuUJaus56zrOtlzqFH+YtMA9RGEg8w==",
			"requires": {
				"@opentelemetry/core": "1.0.1",
				"@opentelemetry/resources": "1.0.1",
				"@opentelemetry/semantic-conventions": "1.0.1"
			}
		},
		"@opentelemetry/sdk-trace-node": {
			"version": "1.0.1",
			"resolved": "https://registry.npmjs.org/@opentelemetry/sdk-trace-node/-/sdk-trace-node-1.0.1.tgz",
			"integrity": "sha512-0ifT2pEI5aXy14zDDUQkl3ODzY6jjaC1plbxyAuz5BdPxGJzav9vzIJ2BhEwfXDn1LKqpQ5D1Yy+XnNRQpOo3w==",
			"requires": {
				"@opentelemetry/context-async-hooks": "1.0.1",
				"@opentelemetry/core": "1.0.1",
				"@opentelemetry/propagator-b3": "1.0.1",
				"@opentelemetry/propagator-jaeger": "1.0.1",
				"@opentelemetry/sdk-trace-base": "1.0.1",
				"semver": "^7.3.5"
			}
		},
		"@opentelemetry/semantic-conventions": {
			"version": "1.0.1",
			"resolved": "https://registry.npmjs.org/@opentelemetry/semantic-conventions/-/semantic-conventions-1.0.1.tgz",
			"integrity": "sha512-7XU1sfQ8uCVcXLxtAHA8r3qaLJ2oq7sKtEwzZhzuEXqYmjW+n+J4yM3kNo0HQo3Xp1eUe47UM6Wy6yuAvIyllg=="
		},
		"lru-cache": {
			"version": "6.0.0",
			"resolved": "https://registry.npmjs.org/lru-cache/-/lru-cache-6.0.0.tgz",
			"integrity": "sha512-Jo6dJ04CmSjuznwJSS3pUeWmd/H0ffTlkXXgwZi+eq1UCmqQwCh+eLsYOYCwY991i2Fah4h1BEMCx4qThGbsiA==",
			"requires": {
				"yallist": "^4.0.0"
			}
		},
		"semver": {
			"version": "7.3.5",
			"resolved": "https://registry.npmjs.org/semver/-/semver-7.3.5.tgz",
			"integrity": "sha512-PoeGJYh8HK4BTO/a9Tf6ZG3veo/A7ZVsYrSA6J8ny9nb3B1VrpkuN+z9OE5wfE5p6H4LchYZsegiQgbJD94ZFQ==",
			"requires": {
				"lru-cache": "^6.0.0"
			}
		},
		"yallist": {
			"version": "4.0.0",
			"resolved": "https://registry.npmjs.org/yallist/-/yallist-4.0.0.tgz",
			"integrity": "sha512-3wdGidZyq5PB084XLES5TpOSRA3wjXAlIWMhum2kRcv/41Sn2emQ0dycQW4uZXLejwKvg6EsvbdlVL+FYEct7A=="
		}
	}
}
