{
  "name": "nodejs-example-google-cloud-monitoring",
  "version": "0.16.0",
  "lockfileVersion": 2,
  "requires": true,
  "packages": {
    "": {
      "name": "nodejs-example-google-cloud-monitoring",
      "version": "0.16.0",
      "license": "Apache-2.0",
      "dependencies": {
        "@opentelemetry/api": "1.4.1",
        "@opentelemetry/resources": "1.10.0",
        "@opentelemetry/sdk-metrics": "1.10.0"
      },
      "engines": {
        "node": ">=10"
      }
    },
    "node_modules/@opentelemetry/api": {
      "version": "1.4.1",
      "resolved": "https://registry.npmjs.org/@opentelemetry/api/-/api-1.4.1.tgz",
      "integrity": "sha512-O2yRJce1GOc6PAy3QxFM4NzFiWzvScDC1/5ihYBL6BUEVdq0XMWN01sppE+H6bBXbaFYipjwFLEWLg5PaSOThA==",
      "engines": {
        "node": ">=8.0.0"
      }
    },
    "node_modules/@opentelemetry/core": {
      "version": "1.10.0",
      "resolved": "https://registry.npmjs.org/@opentelemetry/core/-/core-1.10.0.tgz",
      "integrity": "sha512-H5/mfU3TsEBe/cnnLu3VCkzjqyRARmhxQGsT64KwafxjzkDh+c2Bk4n140Cg/xhgrjK2sFsxbJj6d0xZlVo/OQ==",
      "dependencies": {
        "@opentelemetry/semantic-conventions": "1.10.0"
      },
      "engines": {
        "node": ">=14"
      },
      "peerDependencies": {
        "@opentelemetry/api": ">=1.0.0 <1.5.0"
      }
    },
    "node_modules/@opentelemetry/resources": {
      "version": "1.10.0",
      "resolved": "https://registry.npmjs.org/@opentelemetry/resources/-/resources-1.10.0.tgz",
      "integrity": "sha512-bh4auHOdS0/cwSgviCPbkItLwLZRWCZKp/ns2soVwlWQMJH36FIHbcYJf7G9+Rthlc6u163VhUefho+eDrPVeA==",
      "dependencies": {
        "@opentelemetry/core": "1.10.0",
        "@opentelemetry/semantic-conventions": "1.10.0"
      },
      "engines": {
        "node": ">=14"
      },
      "peerDependencies": {
        "@opentelemetry/api": ">=1.0.0 <1.5.0"
      }
    },
    "node_modules/@opentelemetry/sdk-metrics": {
      "version": "1.10.0",
      "resolved": "https://registry.npmjs.org/@opentelemetry/sdk-metrics/-/sdk-metrics-1.10.0.tgz",
      "integrity": "sha512-vOB3khvj894ppOwafNqKNavpChZYR2S2IZyy8PmL0DwNgFPGYwkWxZkv7YJduBNzcCd+Ao+ug93jdSFFhnpIhQ==",
      "dependencies": {
        "@opentelemetry/core": "1.10.0",
        "@opentelemetry/resources": "1.10.0",
        "lodash.merge": "4.6.2"
      },
      "engines": {
        "node": ">=14"
      },
      "peerDependencies": {
        "@opentelemetry/api": ">=1.3.0 <1.5.0"
      }
    },
    "node_modules/@opentelemetry/semantic-conventions": {
      "version": "1.10.0",
      "resolved": "https://registry.npmjs.org/@opentelemetry/semantic-conventions/-/semantic-conventions-1.10.0.tgz",
      "integrity": "sha512-Mzo5IyrI59YuYWeNoOZRXfUCc3upjmxCmczSm+pUgWprvSNfdOX70SVde84UxmuzU7MF1MEkPXKXTYG3ymRw2w==",
      "engines": {
        "node": ">=14"
      }
    },
    "node_modules/lodash.merge": {
      "version": "4.6.2",
      "resolved": "https://registry.npmjs.org/lodash.merge/-/lodash.merge-4.6.2.tgz",
      "integrity": "sha512-0KpjqXRVvrYyCsX1swR/XTK0va6VQkQM6MNo7PqW77ByjAhoARA8EfrP1N4+KlKj8YS0ZUCtRT/YUuhyYDujIQ=="
    }
  },
  "dependencies": {
    "@opentelemetry/api": {
      "version": "1.4.1",
      "resolved": "https://registry.npmjs.org/@opentelemetry/api/-/api-1.4.1.tgz",
      "integrity": "sha512-O2yRJce1GOc6PAy3QxFM4NzFiWzvScDC1/5ihYBL6BUEVdq0XMWN01sppE+H6bBXbaFYipjwFLEWLg5PaSOThA=="
    },
    "@opentelemetry/core": {
      "version": "1.10.0",
      "resolved": "https://registry.npmjs.org/@opentelemetry/core/-/core-1.10.0.tgz",
      "integrity": "sha512-H5/mfU3TsEBe/cnnLu3VCkzjqyRARmhxQGsT64KwafxjzkDh+c2Bk4n140Cg/xhgrjK2sFsxbJj6d0xZlVo/OQ==",
      "requires": {
        "@opentelemetry/semantic-conventions": "1.10.0"
      }
    },
    "@opentelemetry/resources": {
      "version": "1.10.0",
      "resolved": "https://registry.npmjs.org/@opentelemetry/resources/-/resources-1.10.0.tgz",
      "integrity": "sha512-bh4auHOdS0/cwSgviCPbkItLwLZRWCZKp/ns2soVwlWQMJH36FIHbcYJf7G9+Rthlc6u163VhUefho+eDrPVeA==",
      "requires": {
        "@opentelemetry/core": "1.10.0",
        "@opentelemetry/semantic-conventions": "1.10.0"
      }
    },
    "@opentelemetry/sdk-metrics": {
      "version": "1.10.0",
      "resolved": "https://registry.npmjs.org/@opentelemetry/sdk-metrics/-/sdk-metrics-1.10.0.tgz",
      "integrity": "sha512-vOB3khvj894ppOwafNqKNavpChZYR2S2IZyy8PmL0DwNgFPGYwkWxZkv7YJduBNzcCd+Ao+ug93jdSFFhnpIhQ==",
      "requires": {
        "@opentelemetry/core": "1.10.0",
        "@opentelemetry/resources": "1.10.0",
        "lodash.merge": "4.6.2"
      }
    },
    "@opentelemetry/semantic-conventions": {
      "version": "1.10.0",
      "resolved": "https://registry.npmjs.org/@opentelemetry/semantic-conventions/-/semantic-conventions-1.10.0.tgz",
      "integrity": "sha512-Mzo5IyrI59YuYWeNoOZRXfUCc3upjmxCmczSm+pUgWprvSNfdOX70SVde84UxmuzU7MF1MEkPXKXTYG3ymRw2w=="
    },
    "lodash.merge": {
      "version": "4.6.2",
      "resolved": "https://registry.npmjs.org/lodash.merge/-/lodash.merge-4.6.2.tgz",
      "integrity": "sha512-0KpjqXRVvrYyCsX1swR/XTK0va6VQkQM6MNo7PqW77ByjAhoARA8EfrP1N4+KlKj8YS0ZUCtRT/YUuhyYDujIQ=="
    }
  }
}
