{
  "name": "nodejs-example-google-cloud-monitoring",
  "version": "0.16.0",
  "lockfileVersion": 2,
  "requires": true,
  "packages": {
    "": {
      "name": "nodejs-example-google-cloud-monitoring",
      "version": "0.16.0",
      "license": "Apache-2.0",
      "dependencies": {
        "@opentelemetry/api": "1.4.1",
        "@opentelemetry/resources": "1.10.1",
        "@opentelemetry/sdk-metrics": "1.10.1"
      },
      "engines": {
        "node": ">=10"
      }
    },
    "node_modules/@opentelemetry/api": {
      "version": "1.4.1",
      "resolved": "https://registry.npmjs.org/@opentelemetry/api/-/api-1.4.1.tgz",
      "integrity": "sha512-O2yRJce1GOc6PAy3QxFM4NzFiWzvScDC1/5ihYBL6BUEVdq0XMWN01sppE+H6bBXbaFYipjwFLEWLg5PaSOThA==",
      "engines": {
        "node": ">=8.0.0"
      }
    },
    "node_modules/@opentelemetry/core": {
      "version": "1.10.1",
      "resolved": "https://registry.npmjs.org/@opentelemetry/core/-/core-1.10.1.tgz",
      "integrity": "sha512-uBZs9poKMWX7WWHsRfaGHqvrn77D9EU5LwU8Ge3YKD/Su5Gy+T1v476l49nl1UOzEMNo4cISao3nIqQVsABB8g==",
      "dependencies": {
        "@opentelemetry/semantic-conventions": "1.10.1"
      },
      "engines": {
        "node": ">=14"
      },
      "peerDependencies": {
        "@opentelemetry/api": ">=1.0.0 <1.5.0"
      }
    },
    "node_modules/@opentelemetry/resources": {
      "version": "1.10.1",
      "resolved": "https://registry.npmjs.org/@opentelemetry/resources/-/resources-1.10.1.tgz",
      "integrity": "sha512-e+wwdyO44jZtsT1aqGiWMFOfN1XuP9Tv4+H0OYP3yQajBtGdsZjdSUn9UNjw46JsW0Mb+RaTxJwsb2uvfHar0g==",
      "dependencies": {
        "@opentelemetry/core": "1.10.1",
        "@opentelemetry/semantic-conventions": "1.10.1"
      },
      "engines": {
        "node": ">=14"
      },
      "peerDependencies": {
        "@opentelemetry/api": ">=1.0.0 <1.5.0"
      }
    },
    "node_modules/@opentelemetry/sdk-metrics": {
      "version": "1.10.1",
      "resolved": "https://registry.npmjs.org/@opentelemetry/sdk-metrics/-/sdk-metrics-1.10.1.tgz",
      "integrity": "sha512-ARAD4e6lZhLwstwW+1HG2Q3XuYFA/t8vn10KK/mA4em1pZYKFn64c45RJZJcntxWp4wOZRbp9iL1RXsg7zIjow==",
      "dependencies": {
        "@opentelemetry/core": "1.10.1",
        "@opentelemetry/resources": "1.10.1",
        "lodash.merge": "4.6.2"
      },
      "engines": {
        "node": ">=14"
      },
      "peerDependencies": {
        "@opentelemetry/api": ">=1.3.0 <1.5.0"
      }
    },
    "node_modules/@opentelemetry/semantic-conventions": {
      "version": "1.10.1",
      "resolved": "https://registry.npmjs.org/@opentelemetry/semantic-conventions/-/semantic-conventions-1.10.1.tgz",
      "integrity": "sha512-qiAueuCoN+1YEuHNXnsct9bkbroZBPd7QwQgd56YURG0LBRVHwE/lF6FOprfUvp1n1tu0O6+E3s6x+dmUndXFQ==",
      "engines": {
        "node": ">=14"
      }
    },
    "node_modules/lodash.merge": {
      "version": "4.6.2",
      "resolved": "https://registry.npmjs.org/lodash.merge/-/lodash.merge-4.6.2.tgz",
      "integrity": "sha512-0KpjqXRVvrYyCsX1swR/XTK0va6VQkQM6MNo7PqW77ByjAhoARA8EfrP1N4+KlKj8YS0ZUCtRT/YUuhyYDujIQ=="
    }
  },
  "dependencies": {
    "@opentelemetry/api": {
      "version": "1.4.1",
      "resolved": "https://registry.npmjs.org/@opentelemetry/api/-/api-1.4.1.tgz",
      "integrity": "sha512-O2yRJce1GOc6PAy3QxFM4NzFiWzvScDC1/5ihYBL6BUEVdq0XMWN01sppE+H6bBXbaFYipjwFLEWLg5PaSOThA=="
    },
    "@opentelemetry/core": {
      "version": "1.10.1",
      "resolved": "https://registry.npmjs.org/@opentelemetry/core/-/core-1.10.1.tgz",
      "integrity": "sha512-uBZs9poKMWX7WWHsRfaGHqvrn77D9EU5LwU8Ge3YKD/Su5Gy+T1v476l49nl1UOzEMNo4cISao3nIqQVsABB8g==",
      "requires": {
        "@opentelemetry/semantic-conventions": "1.10.1"
      }
    },
    "@opentelemetry/resources": {
      "version": "1.10.1",
      "resolved": "https://registry.npmjs.org/@opentelemetry/resources/-/resources-1.10.1.tgz",
      "integrity": "sha512-e+wwdyO44jZtsT1aqGiWMFOfN1XuP9Tv4+H0OYP3yQajBtGdsZjdSUn9UNjw46JsW0Mb+RaTxJwsb2uvfHar0g==",
      "requires": {
        "@opentelemetry/core": "1.10.1",
        "@opentelemetry/semantic-conventions": "1.10.1"
      }
    },
    "@opentelemetry/sdk-metrics": {
      "version": "1.10.1",
      "resolved": "https://registry.npmjs.org/@opentelemetry/sdk-metrics/-/sdk-metrics-1.10.1.tgz",
      "integrity": "sha512-ARAD4e6lZhLwstwW+1HG2Q3XuYFA/t8vn10KK/mA4em1pZYKFn64c45RJZJcntxWp4wOZRbp9iL1RXsg7zIjow==",
      "requires": {
        "@opentelemetry/core": "1.10.1",
        "@opentelemetry/resources": "1.10.1",
        "lodash.merge": "4.6.2"
      }
    },
    "@opentelemetry/semantic-conventions": {
      "version": "1.10.1",
      "resolved": "https://registry.npmjs.org/@opentelemetry/semantic-conventions/-/semantic-conventions-1.10.1.tgz",
      "integrity": "sha512-qiAueuCoN+1YEuHNXnsct9bkbroZBPd7QwQgd56YURG0LBRVHwE/lF6FOprfUvp1n1tu0O6+E3s6x+dmUndXFQ=="
    },
    "lodash.merge": {
      "version": "4.6.2",
      "resolved": "https://registry.npmjs.org/lodash.merge/-/lodash.merge-4.6.2.tgz",
      "integrity": "sha512-0KpjqXRVvrYyCsX1swR/XTK0va6VQkQM6MNo7PqW77ByjAhoARA8EfrP1N4+KlKj8YS0ZUCtRT/YUuhyYDujIQ=="
    }
  }
}
