{
  "name": "nodejs-example-google-cloud-monitoring",
  "version": "0.15.0",
  "lockfileVersion": 2,
  "requires": true,
  "packages": {
    "": {
      "name": "nodejs-example-google-cloud-monitoring",
      "version": "0.15.0",
      "license": "Apache-2.0",
      "dependencies": {
        "@opentelemetry/api": "1.3.0",
        "@opentelemetry/resources": "1.8.0",
        "@opentelemetry/sdk-metrics": "1.8.0"
      },
      "engines": {
        "node": ">=10"
      }
    },
    "node_modules/@opentelemetry/api": {
      "version": "1.3.0",
      "resolved": "https://registry.npmjs.org/@opentelemetry/api/-/api-1.3.0.tgz",
      "integrity": "sha512-YveTnGNsFFixTKJz09Oi4zYkiLT5af3WpZDu4aIUM7xX+2bHAkOJayFTVQd6zB8kkWPpbua4Ha6Ql00grdLlJQ==",
      "engines": {
        "node": ">=8.0.0"
      }
    },
    "node_modules/@opentelemetry/core": {
      "version": "1.8.0",
      "resolved": "https://registry.npmjs.org/@opentelemetry/core/-/core-1.8.0.tgz",
      "integrity": "sha512-6SDjwBML4Am0AQmy7z1j6HGrWDgeK8awBRUvl1PGw6HayViMk4QpnUXvv4HTHisecgVBy43NE/cstWprm8tIfw==",
      "dependencies": {
        "@opentelemetry/semantic-conventions": "1.8.0"
      },
      "engines": {
        "node": ">=14"
      },
      "peerDependencies": {
        "@opentelemetry/api": ">=1.0.0 <1.4.0"
      }
    },
    "node_modules/@opentelemetry/resources": {
      "version": "1.8.0",
      "resolved": "https://registry.npmjs.org/@opentelemetry/resources/-/resources-1.8.0.tgz",
      "integrity": "sha512-KSyMH6Jvss/PFDy16z5qkCK0ERlpyqixb1xwb73wLMvVq+j7i89lobDjw3JkpCcd1Ws0J6jAI4fw28Zufj2ssg==",
      "dependencies": {
        "@opentelemetry/core": "1.8.0",
        "@opentelemetry/semantic-conventions": "1.8.0"
      },
      "engines": {
        "node": ">=14"
      },
      "peerDependencies": {
        "@opentelemetry/api": ">=1.0.0 <1.4.0"
      }
    },
    "node_modules/@opentelemetry/sdk-metrics": {
      "version": "1.8.0",
      "resolved": "https://registry.npmjs.org/@opentelemetry/sdk-metrics/-/sdk-metrics-1.8.0.tgz",
      "integrity": "sha512-+KYb+uj0vHhl8xzJO+oChS4oP1e+/2Wl3SXoHoIdcEjd1TQfDV+lxOm4oqxWq6wykXvI35/JHyejxSoT+qxGmg==",
      "dependencies": {
        "@opentelemetry/core": "1.8.0",
        "@opentelemetry/resources": "1.8.0",
        "lodash.merge": "4.6.2"
      },
      "engines": {
        "node": ">=14"
      },
      "peerDependencies": {
        "@opentelemetry/api": ">=1.3.0 <1.4.0"
      }
    },
    "node_modules/@opentelemetry/semantic-conventions": {
      "version": "1.8.0",
      "resolved": "https://registry.npmjs.org/@opentelemetry/semantic-conventions/-/semantic-conventions-1.8.0.tgz",
      "integrity": "sha512-TYh1MRcm4JnvpqtqOwT9WYaBYY4KERHdToxs/suDTLviGRsQkIjS5yYROTYTSJQUnYLOn/TuOh5GoMwfLSU+Ew==",
      "engines": {
        "node": ">=14"
      }
    },
    "node_modules/lodash.merge": {
      "version": "4.6.2",
      "resolved": "https://registry.npmjs.org/lodash.merge/-/lodash.merge-4.6.2.tgz",
      "integrity": "sha512-0KpjqXRVvrYyCsX1swR/XTK0va6VQkQM6MNo7PqW77ByjAhoARA8EfrP1N4+KlKj8YS0ZUCtRT/YUuhyYDujIQ=="
    }
  },
  "dependencies": {
    "@opentelemetry/api": {
      "version": "1.3.0",
      "resolved": "https://registry.npmjs.org/@opentelemetry/api/-/api-1.3.0.tgz",
      "integrity": "sha512-YveTnGNsFFixTKJz09Oi4zYkiLT5af3WpZDu4aIUM7xX+2bHAkOJayFTVQd6zB8kkWPpbua4Ha6Ql00grdLlJQ=="
    },
    "@opentelemetry/core": {
      "version": "1.8.0",
      "resolved": "https://registry.npmjs.org/@opentelemetry/core/-/core-1.8.0.tgz",
      "integrity": "sha512-6SDjwBML4Am0AQmy7z1j6HGrWDgeK8awBRUvl1PGw6HayViMk4QpnUXvv4HTHisecgVBy43NE/cstWprm8tIfw==",
      "requires": {
        "@opentelemetry/semantic-conventions": "1.8.0"
      }
    },
    "@opentelemetry/resources": {
      "version": "1.8.0",
      "resolved": "https://registry.npmjs.org/@opentelemetry/resources/-/resources-1.8.0.tgz",
      "integrity": "sha512-KSyMH6Jvss/PFDy16z5qkCK0ERlpyqixb1xwb73wLMvVq+j7i89lobDjw3JkpCcd1Ws0J6jAI4fw28Zufj2ssg==",
      "requires": {
        "@opentelemetry/core": "1.8.0",
        "@opentelemetry/semantic-conventions": "1.8.0"
      }
    },
    "@opentelemetry/sdk-metrics": {
      "version": "1.8.0",
      "resolved": "https://registry.npmjs.org/@opentelemetry/sdk-metrics/-/sdk-metrics-1.8.0.tgz",
      "integrity": "sha512-+KYb+uj0vHhl8xzJO+oChS4oP1e+/2Wl3SXoHoIdcEjd1TQfDV+lxOm4oqxWq6wykXvI35/JHyejxSoT+qxGmg==",
      "requires": {
        "@opentelemetry/core": "1.8.0",
        "@opentelemetry/resources": "1.8.0",
        "lodash.merge": "4.6.2"
      }
    },
    "@opentelemetry/semantic-conventions": {
      "version": "1.8.0",
      "resolved": "https://registry.npmjs.org/@opentelemetry/semantic-conventions/-/semantic-conventions-1.8.0.tgz",
      "integrity": "sha512-TYh1MRcm4JnvpqtqOwT9WYaBYY4KERHdToxs/suDTLviGRsQkIjS5yYROTYTSJQUnYLOn/TuOh5GoMwfLSU+Ew=="
    },
    "lodash.merge": {
      "version": "4.6.2",
      "resolved": "https://registry.npmjs.org/lodash.merge/-/lodash.merge-4.6.2.tgz",
      "integrity": "sha512-0KpjqXRVvrYyCsX1swR/XTK0va6VQkQM6MNo7PqW77ByjAhoARA8EfrP1N4+KlKj8YS0ZUCtRT/YUuhyYDujIQ=="
    }
  }
}
